
Microsoft Visual Studio Solution File, Format Version 12.00
# Visual Studio Version 17
VisualStudioVersion = 17.0.31912.275
MinimumVisualStudioVersion = 10.0.40219.1
Project("{FAE04EC0-301F-11D3-BF4B-00C04F79EFBC}") = "Qbot_v3", "Qbot_v3\Qbot_v3.csproj", "{315DE256-608C-47D3-B20C-CEF69F3EF89B}"
EndProject
Global
	GlobalSection(SolutionConfigurationPlatforms) = preSolution
		Debug|Any CPU = Debug|Any CPU
		Release|Any CPU = Release|Any CPU
	EndGlobalSection
	GlobalSection(ProjectConfigurationPlatforms) = postSolution
		{315DE256-608C-47D3-B20C-CEF69F3EF89B}.Debug|Any CPU.ActiveCfg = Debug|Any CPU
		{315DE256-608C-47D3-B20C-CEF69F3EF89B}.Debug|Any CPU.Build.0 = Debug|Any CPU
		{315DE256-608C-47D3-B20C-CEF69F3EF89B}.Release|Any CPU.ActiveCfg = Release|Any CPU
		{315DE256-608C-47D3-B20C-CEF69F3EF89B}.Release|Any CPU.Build.0 = Release|Any CPU
	EndGlobalSection
	GlobalSection(SolutionProperties) = preSolution
		HideSolutionNode = FALSE
	EndGlobalSection
	GlobalSection(ExtensibilityGlobals) = postSolution
		SolutionGuid = {E4741981-3625-4218-9EBD-53A774CDC989}
	EndGlobalSection
EndGlobal
